
Microsoft Visual Studio Solution File, Format Version 12.00
# Visual Studio Version 17
VisualStudioVersion = 17.7.34031.279
MinimumVisualStudioVersion = 10.0.40219.1
Project("{9A19103F-16F7-4668-BE54-9A1E7A4F7556}") = "twitter-clone", "twitter-clone\twitter-clone.csproj", "{F66E64C7-C115-4B7C-8299-1C1921BBD898}"
EndProject
Project("{9A19103F-16F7-4668-BE54-9A1E7A4F7556}") = "DataAccess", "DataAccess\DataAccess.csproj", "{A218CA93-24B4-4C7C-9033-9B3A941E2262}"
EndProject
Project("{9A19103F-16F7-4668-BE54-9A1E7A4F7556}") = "Models", "Models\Models.csproj", "{0427E2C0-D30C-4E7A-BEF5-CA456E1443CD}"
EndProject
Global
	GlobalSection(SolutionConfigurationPlatforms) = preSolution
		Debug|Any CPU = Debug|Any CPU
		Release|Any CPU = Release|Any CPU
	EndGlobalSection
	GlobalSection(ProjectConfigurationPlatforms) = postSolution
		{F66E64C7-C115-4B7C-8299-1C1921BBD898}.Debug|Any CPU.ActiveCfg = Debug|Any CPU
		{F66E64C7-C115-4B7C-8299-1C1921BBD898}.Debug|Any CPU.Build.0 = Debug|Any CPU
		{F66E64C7-C115-4B7C-8299-1C1921BBD898}.Release|Any CPU.ActiveCfg = Release|Any CPU
		{F66E64C7-C115-4B7C-8299-1C1921BBD898}.Release|Any CPU.Build.0 = Release|Any CPU
		{A218CA93-24B4-4C7C-9033-9B3A941E2262}.Debug|Any CPU.ActiveCfg = Debug|Any CPU
		{A218CA93-24B4-4C7C-9033-9B3A941E2262}.Debug|Any CPU.Build.0 = Debug|Any CPU
		{A218CA93-24B4-4C7C-9033-9B3A941E2262}.Release|Any CPU.ActiveCfg = Release|Any CPU
		{A218CA93-24B4-4C7C-9033-9B3A941E2262}.Release|Any CPU.Build.0 = Release|Any CPU
		{0427E2C0-D30C-4E7A-BEF5-CA456E1443CD}.Debug|Any CPU.ActiveCfg = Debug|Any CPU
		{0427E2C0-D30C-4E7A-BEF5-CA456E1443CD}.Debug|Any CPU.Build.0 = Debug|Any CPU
		{0427E2C0-D30C-4E7A-BEF5-CA456E1443CD}.Release|Any CPU.ActiveCfg = Release|Any CPU
		{0427E2C0-D30C-4E7A-BEF5-CA456E1443CD}.Release|Any CPU.Build.0 = Release|Any CPU
	EndGlobalSection
	GlobalSection(SolutionProperties) = preSolution
		HideSolutionNode = FALSE
	EndGlobalSection
	GlobalSection(ExtensibilityGlobals) = postSolution
		SolutionGuid = {E12E1E09-1A52-474D-93CC-333E65BDAC66}
	EndGlobalSection
EndGlobal
